
Microsoft Visual Studio Solution File, Format Version 12.00
# Visual Studio 15
VisualStudioVersion = 15.0.27703.2035
MinimumVisualStudioVersion = 10.0.40219.1
Project("{FAE04EC0-301F-11D3-BF4B-00C04F79EFBC}") = "ArraySort", "ArraySort\ArraySort.csproj", "{8164F513-C4F2-4598-BCB3-E0151210925D}"
EndProject
Global
	GlobalSection(SolutionConfigurationPlatforms) = preSolution
		Debug|Any CPU = Debug|Any CPU
		Release|Any CPU = Release|Any CPU
	EndGlobalSection
	GlobalSection(ProjectConfigurationPlatforms) = postSolution
		{8164F513-C4F2-4598-BCB3-E0151210925D}.Debug|Any CPU.ActiveCfg = Debug|Any CPU
		{8164F513-C4F2-4598-BCB3-E0151210925D}.Debug|Any CPU.Build.0 = Debug|Any CPU
		{8164F513-C4F2-4598-BCB3-E0151210925D}.Release|Any CPU.ActiveCfg = Release|Any CPU
		{8164F513-C4F2-4598-BCB3-E0151210925D}.Release|Any CPU.Build.0 = Release|Any CPU
	EndGlobalSection
	GlobalSection(SolutionProperties) = preSolution
		HideSolutionNode = FALSE
	EndGlobalSection
	GlobalSection(ExtensibilityGlobals) = postSolution
		SolutionGuid = {B72A49C6-AD3B-4A8D-8442-58ADFF343383}
	EndGlobalSection
EndGlobal
